
Microsoft Visual Studio Solution File, Format Version 12.00
# Visual Studio Version 16
VisualStudioVersion = 16.0.32901.82
MinimumVisualStudioVersion = 10.0.40219.1
Project("{FAE04EC0-301F-11D3-BF4B-00C04F79EFBC}") = "TP1.1Navire", "TP1.1Navire\TP1.1Navire.csproj", "{35281F57-9B8A-4E12-B376-375396074EE8}"
EndProject
Global
	GlobalSection(SolutionConfigurationPlatforms) = preSolution
		Debug|Any CPU = Debug|Any CPU
		Release|Any CPU = Release|Any CPU
	EndGlobalSection
	GlobalSection(ProjectConfigurationPlatforms) = postSolution
		{35281F57-9B8A-4E12-B376-375396074EE8}.Debug|Any CPU.ActiveCfg = Debug|Any CPU
		{35281F57-9B8A-4E12-B376-375396074EE8}.Debug|Any CPU.Build.0 = Debug|Any CPU
		{35281F57-9B8A-4E12-B376-375396074EE8}.Release|Any CPU.ActiveCfg = Release|Any CPU
		{35281F57-9B8A-4E12-B376-375396074EE8}.Release|Any CPU.Build.0 = Release|Any CPU
	EndGlobalSection
	GlobalSection(SolutionProperties) = preSolution
		HideSolutionNode = FALSE
	EndGlobalSection
	GlobalSection(ExtensibilityGlobals) = postSolution
		SolutionGuid = {6F95A53F-BF8A-439B-A6FF-E712C40FCE65}
	EndGlobalSection
EndGlobal
